schema: '2.0'
stages:
  prepare:
    cmd: python src/data.py
    params:
      params.yaml:
        data:
          data_dir: data/cifar10
          num_workers: 4
        train:
          batch_size: 64
          device: mps
          seed: 49
          optimizer: adam
          weight_decay: 0.0
    outs:
    - path: data/cifar10
      hash: md5
      md5: e252d2c8ba36d1ab3e21a873ab62daa3.dir
      size: 356712185
      nfiles: 9
  train_exp1:
    cmd: python src/train.py -v --experiment exp1_lenet
    deps:
    - path: data/cifar10
      hash: md5
      md5: e252d2c8ba36d1ab3e21a873ab62daa3.dir
      size: 356712185
      nfiles: 9
    - path: src/data.py
      hash: md5
      md5: 6ea490ea001ec866dab986849a436bfc
      size: 4170
    - path: src/layers.py
      hash: md5
      md5: 1e9b683623cfa67cecb44cbbe1496169
      size: 6589
    - path: src/models/lenet.py
      hash: md5
      md5: a74024c1c095966018e700a3c1282144
      size: 908
    - path: src/train.py
      hash: md5
      md5: 1dc33d3e25aa9a3ae97696355351d952
      size: 4384
    params:
      params.yaml:
        exp1_lenet:
          conv_channels:
          - 6
          - 16
          kernel_size: 5
          activation: tanh
          pooling: avg
          fc_dims:
          - 120
          - 84
          dropout: 0.0
          epochs: 30
          lr: 0.001
        train:
          batch_size: 64
          device: mps
          seed: 49
          optimizer: adam
          weight_decay: 0.0
    outs:
    - path: metrics/exp1_lenet/results.json
      hash: md5
      md5: 38a2310c7092dfa941d655ac834a11e9
      size: 4877
    - path: models/exp1_lenet/best.pt
      hash: md5
      md5: 452819639b7f419255fba93c08446750
      size: 335907
  train_exp2:
    cmd: python src/train.py -v --experiment exp2_hybrid
    deps:
    - path: data/cifar10
      hash: md5
      md5: e252d2c8ba36d1ab3e21a873ab62daa3.dir
      size: 356712185
      nfiles: 9
    - path: src/data.py
      hash: md5
      md5: 6ea490ea001ec866dab986849a436bfc
      size: 4170
    - path: src/layers.py
      hash: md5
      md5: 1e9b683623cfa67cecb44cbbe1496169
      size: 6589
    - path: src/models/hybrid.py
      hash: md5
      md5: 33da75a63beb0de2c36226f672d3ecca
      size: 915
    - path: src/train.py
      hash: md5
      md5: 1dc33d3e25aa9a3ae97696355351d952
      size: 4384
    params:
      params.yaml:
        exp2_hybrid:
          conv_channels:
          - 32
          - 64
          kernel_size: 5
          activation: relu
          pooling: max
          fc_dims:
          - 120
          - 84
          dropout: 0.0
          epochs: 30
          lr: 0.001
        train:
          batch_size: 64
          device: mps
          seed: 49
          optimizer: adam
          weight_decay: 0.0
    outs:
    - path: metrics/exp2_hybrid/results.json
      hash: md5
      md5: ed56517209d316a4c343fc98c0e57bae
      size: 4878
    - path: models/exp2_hybrid/best.pt
      hash: md5
      md5: 4f2a7150e3d38ab7159fbdc81a28b793
      size: 1368291
  train_exp3:
    cmd: python src/train.py -v --experiment exp3_alexnet
    deps:
    - path: data/cifar10
      hash: md5
      md5: e252d2c8ba36d1ab3e21a873ab62daa3.dir
      size: 356712185
      nfiles: 9
    - path: src/data.py
      hash: md5
      md5: 6ea490ea001ec866dab986849a436bfc
      size: 4170
    - path: src/layers.py
      hash: md5
      md5: 1e9b683623cfa67cecb44cbbe1496169
      size: 6589
    - path: src/models/alexnet.py
      hash: md5
      md5: fc79354b04b4681154e7c30fdac39135
      size: 1303
    - path: src/train.py
      hash: md5
      md5: 1dc33d3e25aa9a3ae97696355351d952
      size: 4384
    params:
      params.yaml:
        exp3_alexnet:
          conv_channels:
          - 64
          - 128
          - 256
          - 256
          kernel_size: 3
          activation: relu
          pooling: max
          fc_dims:
          - 1024
          - 256
          dropout: 0.5
          epochs: 50
          lr: 0.0003
        train:
          batch_size: 64
          device: mps
          seed: 49
          optimizer: adam
          weight_decay: 0.0
    outs:
    - path: metrics/exp3_alexnet/results.json
      hash: md5
      md5: 6535cc863075ee78b371bf43bbdf415e
      size: 8133
    - path: models/exp3_alexnet/best.pt
      hash: md5
      md5: fbd4b4f94dbbd0f31966c3149cb0b1dc
      size: 21685781
  eval_exp1:
    cmd: python src/evaluate.py -v --experiment exp1_lenet
    deps:
    - path: models/exp1_lenet/best.pt
      hash: md5
      md5: 452819639b7f419255fba93c08446750
      size: 335907
    - path: src/data.py
      hash: md5
      md5: 6ea490ea001ec866dab986849a436bfc
      size: 4170
    - path: src/evaluate.py
      hash: md5
      md5: db1a8b146052577a515ab11734d58c73
      size: 3321
    - path: src/utils.py
      hash: md5
      md5: 67cea28bae35e634cfa539407b9e8883
      size: 2258
    params:
      params.yaml:
        train:
          batch_size: 64
          device: mps
          seed: 49
          optimizer: adam
          weight_decay: 0.0
    outs:
    - path: metrics/exp1_lenet/confusion_matrix.pt
      hash: md5
      md5: ccb0e6d640058f7ebe9aece619ee4f5e
      size: 2408
    - path: metrics/exp1_lenet/eval.json
      hash: md5
      md5: 343dfb709c18d15b3cb0922e4817a42c
      size: 452
  eval_exp2:
    cmd: python src/evaluate.py -v --experiment exp2_hybrid
    deps:
    - path: models/exp2_hybrid/best.pt
      hash: md5
      md5: 4f2a7150e3d38ab7159fbdc81a28b793
      size: 1368291
    - path: src/data.py
      hash: md5
      md5: 6ea490ea001ec866dab986849a436bfc
      size: 4170
    - path: src/evaluate.py
      hash: md5
      md5: db1a8b146052577a515ab11734d58c73
      size: 3321
    - path: src/utils.py
      hash: md5
      md5: 67cea28bae35e634cfa539407b9e8883
      size: 2258
    params:
      params.yaml:
        train:
          batch_size: 64
          device: mps
          seed: 49
          optimizer: adam
          weight_decay: 0.0
    outs:
    - path: metrics/exp2_hybrid/confusion_matrix.pt
      hash: md5
      md5: afc3a1f09a3606390670c7c87a50477d
      size: 2408
    - path: metrics/exp2_hybrid/eval.json
      hash: md5
      md5: 32ba4721b744fdb3d6764c09265bf4f5
      size: 448
  eval_exp3:
    cmd: python src/evaluate.py -v --experiment exp3_alexnet
    deps:
    - path: models/exp3_alexnet/best.pt
      hash: md5
      md5: fbd4b4f94dbbd0f31966c3149cb0b1dc
      size: 21685781
    - path: src/data.py
      hash: md5
      md5: 6ea490ea001ec866dab986849a436bfc
      size: 4170
    - path: src/evaluate.py
      hash: md5
      md5: db1a8b146052577a515ab11734d58c73
      size: 3321
    - path: src/utils.py
      hash: md5
      md5: 67cea28bae35e634cfa539407b9e8883
      size: 2258
    params:
      params.yaml:
        train:
          batch_size: 64
          device: mps
          seed: 49
          optimizer: adam
          weight_decay: 0.0
    outs:
    - path: metrics/exp3_alexnet/confusion_matrix.pt
      hash: md5
      md5: 3ba5383e98811cbd29ae3cfe6baf260c
      size: 2408
    - path: metrics/exp3_alexnet/eval.json
      hash: md5
      md5: b500e1bbf2ccbb8928b938ef5c91451f
      size: 452
  visualize_exp1:
    cmd: python src/visualize.py -v --experiment exp1_lenet
    deps:
    - path: models/exp1_lenet/best.pt
      hash: md5
      md5: 452819639b7f419255fba93c08446750
      size: 335907
    - path: src/data.py
      hash: md5
      md5: 6ea490ea001ec866dab986849a436bfc
      size: 4170
    - path: src/layers.py
      hash: md5
      md5: 1e9b683623cfa67cecb44cbbe1496169
      size: 6589
    - path: src/models/lenet.py
      hash: md5
      md5: a74024c1c095966018e700a3c1282144
      size: 908
    - path: src/utils.py
      hash: md5
      md5: 67cea28bae35e634cfa539407b9e8883
      size: 2258
    - path: src/visualize.py
      hash: md5
      md5: a648d70f4416f0772083ce0e49ec0f22
      size: 10682
    params:
      params.yaml:
        train:
          batch_size: 64
          device: mps
          seed: 49
          optimizer: adam
          weight_decay: 0.0
        visualize:
          num_sample_images: 8
          saliency_smooth: true
          saliency_n_smooth: 20
          saliency_noise:std: 0.1
          output_dir: plots
    outs:
    - path: plots/exp1_lenet
      hash: md5
      md5: a9ac60327b07188950c9aafd4a31f992.dir
      size: 609146
      nfiles: 4
  visualize_exp2:
    cmd: python src/visualize.py -v --experiment exp2_hybrid
    deps:
    - path: models/exp2_hybrid/best.pt
      hash: md5
      md5: 4f2a7150e3d38ab7159fbdc81a28b793
      size: 1368291
    - path: src/data.py
      hash: md5
      md5: 6ea490ea001ec866dab986849a436bfc
      size: 4170
    - path: src/layers.py
      hash: md5
      md5: 1e9b683623cfa67cecb44cbbe1496169
      size: 6589
    - path: src/models/hybrid.py
      hash: md5
      md5: 33da75a63beb0de2c36226f672d3ecca
      size: 915
    - path: src/utils.py
      hash: md5
      md5: 67cea28bae35e634cfa539407b9e8883
      size: 2258
    - path: src/visualize.py
      hash: md5
      md5: a648d70f4416f0772083ce0e49ec0f22
      size: 10682
    params:
      params.yaml:
        train:
          batch_size: 64
          device: mps
          seed: 49
          optimizer: adam
          weight_decay: 0.0
        visualize:
          num_sample_images: 8
          saliency_smooth: true
          saliency_n_smooth: 20
          saliency_noise:std: 0.1
          output_dir: plots
    outs:
    - path: plots/exp2_hybrid
      hash: md5
      md5: ceba370cc04816121db25b86bbd5fa93.dir
      size: 1008827
      nfiles: 4
  visualize_exp3:
    cmd: python src/visualize.py -v --experiment exp3_alexnet
    deps:
    - path: models/exp3_alexnet/best.pt
      hash: md5
      md5: fbd4b4f94dbbd0f31966c3149cb0b1dc
      size: 21685781
    - path: src/data.py
      hash: md5
      md5: 6ea490ea001ec866dab986849a436bfc
      size: 4170
    - path: src/layers.py
      hash: md5
      md5: 1e9b683623cfa67cecb44cbbe1496169
      size: 6589
    - path: src/models/alexnet.py
      hash: md5
      md5: fc79354b04b4681154e7c30fdac39135
      size: 1303
    - path: src/utils.py
      hash: md5
      md5: 67cea28bae35e634cfa539407b9e8883
      size: 2258
    - path: src/visualize.py
      hash: md5
      md5: a648d70f4416f0772083ce0e49ec0f22
      size: 10682
    params:
      params.yaml:
        train:
          batch_size: 64
          device: mps
          seed: 49
          optimizer: adam
          weight_decay: 0.0
        visualize:
          num_sample_images: 8
          saliency_smooth: true
          saliency_n_smooth: 20
          saliency_noise:std: 0.1
          output_dir: plots
    outs:
    - path: plots/exp3_alexnet
      hash: md5
      md5: 66dcb58646d0b2b6ce1a6ab961871eaf.dir
      size: 1346050
      nfiles: 6
